{
    "_meta": {
        "hash": {
            "sha256": "34c96dbdf2c489961e0c38477eefe1a41a9466aa7b43f6f55c203014ab977182"
        },
        "pipfile-spec": 6,
        "requires": {
            "python_version": "3.6"
        },
        "sources": [
            {
                "name": "pypi",
                "url": "https://pypi.org/simple",
                "verify_ssl": true
            }
        ]
    },
    "default": {
        "docopt": {
            "hashes": [
                "sha256:3f1b79826bf39f7fa6ffb9848d9aee2b851055e99f4975ac5b7f69386d807b92",
                "sha256:49b3a825280bd66b3aa83585ef59c4a8c82f2c8a522dbe754a8bc8d08c85c491"
            ],
            "index": "pypi",
            "version": "==0.6.2"
        }
    },
    "develop": {}
}
